
Microsoft Visual Studio Solution File, Format Version 12.00
# Visual Studio Version 17
VisualStudioVersion = 17.8.34511.84
MinimumVisualStudioVersion = 10.0.40219.1
Project("{FAE04EC0-301F-11D3-BF4B-00C04F79EFBC}") = "VampireSurvivorClone", "VampireSurvivorClone.csproj", "{B881CC82-6397-4502-B920-35CF33A3659F}"
EndProject
Project("{FAE04EC0-301F-11D3-BF4B-00C04F79EFBC}") = "GameDev.Shared", "..\GameDev.Shared\GameDev.Shared.csproj", "{56EA8C27-1144-4CA0-B5E4-4957601E5BB2}"
EndProject
Global
	GlobalSection(SolutionConfigurationPlatforms) = preSolution
		Debug|Any CPU = Debug|Any CPU
		Release|Any CPU = Release|Any CPU
	EndGlobalSection
	GlobalSection(ProjectConfigurationPlatforms) = postSolution
		{B881CC82-6397-4502-B920-35CF33A3659F}.Debug|Any CPU.ActiveCfg = Debug|Any CPU
		{B881CC82-6397-4502-B920-35CF33A3659F}.Debug|Any CPU.Build.0 = Debug|Any CPU
		{B881CC82-6397-4502-B920-35CF33A3659F}.Release|Any CPU.ActiveCfg = Release|Any CPU
		{B881CC82-6397-4502-B920-35CF33A3659F}.Release|Any CPU.Build.0 = Release|Any CPU
		{56EA8C27-1144-4CA0-B5E4-4957601E5BB2}.Debug|Any CPU.ActiveCfg = Debug|Any CPU
		{56EA8C27-1144-4CA0-B5E4-4957601E5BB2}.Debug|Any CPU.Build.0 = Debug|Any CPU
		{56EA8C27-1144-4CA0-B5E4-4957601E5BB2}.Release|Any CPU.ActiveCfg = Release|Any CPU
		{56EA8C27-1144-4CA0-B5E4-4957601E5BB2}.Release|Any CPU.Build.0 = Release|Any CPU
	EndGlobalSection
	GlobalSection(SolutionProperties) = preSolution
		HideSolutionNode = FALSE
	EndGlobalSection
	GlobalSection(ExtensibilityGlobals) = postSolution
		SolutionGuid = {ED9F42BB-E8A5-4C41-94C0-91F1F36E03A3}
	EndGlobalSection
EndGlobal
